// !$*UTF8*$!
{
	archiveVersion = 1;
	classes = {
	};
	objectVersion = 77;
	objects = {

/* Begin PBXBuildFile section */
		9B23471A2EC4E3A2006E7632 /* Auth in Frameworks */ = {isa = PBXBuildFile; productRef = 9B2347192EC4E3A2006E7632 /* Auth */; };
		9B23471C2EC4E3A2006E7632 /* Functions in Frameworks */ = {isa = PBXBuildFile; productRef = 9B23471B2EC4E3A2006E7632 /* Functions */; };
		9B23471E2EC4E3A2006E7632 /* PostgREST in Frameworks */ = {isa = PBXBuildFile; productRef = 9B23471D2EC4E3A2006E7632 /* PostgREST */; };
		9B2347202EC4E3A2006E7632 /* Realtime in Frameworks */ = {isa = PBXBuildFile; productRef = 9B23471F2EC4E3A2006E7632 /* Realtime */; };
		9B2347222EC4E3A2006E7632 /* Storage in Frameworks */ = {isa = PBXBuildFile; productRef = 9B2347212EC4E3A2006E7632 /* Storage */; };
		9BBEB1BB2EC4EB4E00B32001 /* Supabase in Frameworks */ = {isa = PBXBuildFile; productRef = 9BBEB1BA2EC4EB4E00B32001 /* Supabase */; };
		CC00000100000001000CC00D /* miterundesuWidgetExtension.appex in Embed App Extensions */ = {isa = PBXBuildFile; fileRef = CC00000100000001000CC001 /* miterundesuWidgetExtension.appex */; settings = {ATTRIBUTES = (RemoveHeadersOnCopy, ); }; };
/* End PBXBuildFile section */

/* Begin PBXContainerItemProxy section */
		9B23466E2EC06064006E7632 /* PBXContainerItemProxy */ = {
			isa = PBXContainerItemProxy;
			containerPortal = 9B23464E2EC06063006E7632 /* Project object */;
			proxyType = 1;
			remoteGlobalIDString = 9B2346552EC06063006E7632;
			remoteInfo = miterundesu;
		};
		9B2346782EC06064006E7632 /* PBXContainerItemProxy */ = {
			isa = PBXContainerItemProxy;
			containerPortal = 9B23464E2EC06063006E7632 /* Project object */;
			proxyType = 1;
			remoteGlobalIDString = 9B2346552EC06063006E7632;
			remoteInfo = miterundesu;
		};
		CC00000100000001000CC008 /* PBXContainerItemProxy */ = {
			isa = PBXContainerItemProxy;
			containerPortal = 9B23464E2EC06063006E7632 /* Project object */;
			proxyType = 1;
			remoteGlobalIDString = CC00000100000001000CC007;
			remoteInfo = miterundesuWidgetExtension;
		};
/* End PBXContainerItemProxy section */

/* Begin PBXCopyFilesBuildPhase section */
		CC00000100000001000CC006 /* Embed App Extensions */ = {
			isa = PBXCopyFilesBuildPhase;
			buildActionMask = 2147483647;
			dstPath = "";
			dstSubfolderSpec = 13;
			files = (
				CC00000100000001000CC00D /* miterundesuWidgetExtension.appex in Embed App Extensions */,
			);
			name = "Embed App Extensions";
			runOnlyForDeploymentPostprocessing = 0;
		};
/* End PBXCopyFilesBuildPhase section */

/* Begin PBXFileReference section */
		9B2346562EC06063006E7632 /* miterundesu.app */ = {isa = PBXFileReference; explicitFileType = wrapper.application; includeInIndex = 0; path = miterundesu.app; sourceTree = BUILT_PRODUCTS_DIR; };
		9B23466D2EC06064006E7632 /* miterundesuTests.xctest */ = {isa = PBXFileReference; explicitFileType = wrapper.cfbundle; includeInIndex = 0; path = miterundesuTests.xctest; sourceTree = BUILT_PRODUCTS_DIR; };
		9B2346772EC06064006E7632 /* miterundesuUITests.xctest */ = {isa = PBXFileReference; explicitFileType = wrapper.cfbundle; includeInIndex = 0; path = miterundesuUITests.xctest; sourceTree = BUILT_PRODUCTS_DIR; };
		CC00000100000001000CC001 /* miterundesuWidgetExtension.appex */ = {isa = PBXFileReference; explicitFileType = "wrapper.app-extension"; includeInIndex = 0; path = miterundesuWidgetExtension.appex; sourceTree = BUILT_PRODUCTS_DIR; };
/* End PBXFileReference section */

/* Begin PBXFileSystemSynchronizedBuildFileExceptionSet section */
		9B23467F2EC06064006E7632 /* Exceptions for "miterundesu" folder in "miterundesu" target */ = {
			isa = PBXFileSystemSynchronizedBuildFileExceptionSet;
			membershipExceptions = (
				Info.plist,
			);
			target = 9B2346552EC06063006E7632 /* miterundesu */;
		};
		CC00000100000001000CC00E /* Exceptions for "miterundesuWidget" folder in "miterundesuWidgetExtension" target */ = {
			isa = PBXFileSystemSynchronizedBuildFileExceptionSet;
			membershipExceptions = (
				Info.plist,
			);
			target = CC00000100000001000CC007 /* miterundesuWidgetExtension */;
		};
/* End PBXFileSystemSynchronizedBuildFileExceptionSet section */

/* Begin PBXFileSystemSynchronizedRootGroup section */
		9B2346582EC06063006E7632 /* miterundesu */ = {
			isa = PBXFileSystemSynchronizedRootGroup;
			exceptions = (
				9B23467F2EC06064006E7632 /* Exceptions for "miterundesu" folder in "miterundesu" target */,
			);
			path = miterundesu;
			sourceTree = "<group>";
		};
		9B2346702EC06064006E7632 /* miterundesuTests */ = {
			isa = PBXFileSystemSynchronizedRootGroup;
			path = miterundesuTests;
			sourceTree = "<group>";
		};
		9B23467A2EC06064006E7632 /* miterundesuUITests */ = {
			isa = PBXFileSystemSynchronizedRootGroup;
			path = miterundesuUITests;
			sourceTree = "<group>";
		};
		CC00000100000001000CC002 /* miterundesuWidget */ = {
			isa = PBXFileSystemSynchronizedRootGroup;
			exceptions = (
				CC00000100000001000CC00E /* Exceptions for "miterundesuWidget" folder in "miterundesuWidgetExtension" target */,
			);
			path = miterundesuWidget;
			sourceTree = "<group>";
		};
/* End PBXFileSystemSynchronizedRootGroup section */

/* Begin PBXFrameworksBuildPhase section */
		9B2346532EC06063006E7632 /* Frameworks */ = {
			isa = PBXFrameworksBuildPhase;
			buildActionMask = 2147483647;
			files = (
				9B23471E2EC4E3A2006E7632 /* PostgREST in Frameworks */,
				9B23471C2EC4E3A2006E7632 /* Functions in Frameworks */,
				9BBEB1BB2EC4EB4E00B32001 /* Supabase in Frameworks */,
				9B23471A2EC4E3A2006E7632 /* Auth in Frameworks */,
				9B2347222EC4E3A2006E7632 /* Storage in Frameworks */,
				9B2347202EC4E3A2006E7632 /* Realtime in Frameworks */,
			);
			runOnlyForDeploymentPostprocessing = 0;
		};
		9B23466A2EC06064006E7632 /* Frameworks */ = {
			isa = PBXFrameworksBuildPhase;
			buildActionMask = 2147483647;
			files = (
			);
			runOnlyForDeploymentPostprocessing = 0;
		};
		9B2346742EC06064006E7632 /* Frameworks */ = {
			isa = PBXFrameworksBuildPhase;
			buildActionMask = 2147483647;
			files = (
			);
			runOnlyForDeploymentPostprocessing = 0;
		};
		CC00000100000001000CC004 /* Frameworks */ = {
			isa = PBXFrameworksBuildPhase;
			buildActionMask = 2147483647;
			files = (
			);
			runOnlyForDeploymentPostprocessing = 0;
		};
/* End PBXFrameworksBuildPhase section */

/* Begin PBXGroup section */
		9B23464D2EC06063006E7632 = {
			isa = PBXGroup;
			children = (
				9B2346582EC06063006E7632 /* miterundesu */,
				CC00000100000001000CC002 /* miterundesuWidget */,
				9B2346702EC06064006E7632 /* miterundesuTests */,
				9B23467A2EC06064006E7632 /* miterundesuUITests */,
				9BBEB1B92EC4EB4E00B32001 /* Frameworks */,
				9B2346572EC06063006E7632 /* Products */,
			);
			sourceTree = "<group>";
		};
		9B2346572EC06063006E7632 /* Products */ = {
			isa = PBXGroup;
			children = (
				9B2346562EC06063006E7632 /* miterundesu.app */,
				9B23466D2EC06064006E7632 /* miterundesuTests.xctest */,
				9B2346772EC06064006E7632 /* miterundesuUITests.xctest */,
				CC00000100000001000CC001 /* miterundesuWidgetExtension.appex */,
			);
			name = Products;
			sourceTree = "<group>";
		};
		9BBEB1B92EC4EB4E00B32001 /* Frameworks */ = {
			isa = PBXGroup;
			children = (
			);
			name = Frameworks;
			sourceTree = "<group>";
		};
/* End PBXGroup section */

/* Begin PBXNativeTarget section */
		9B2346552EC06063006E7632 /* miterundesu */ = {
			isa = PBXNativeTarget;
			buildConfigurationList = 9B2346802EC06064006E7632 /* Build configuration list for PBXNativeTarget "miterundesu" */;
			buildPhases = (
				9B2346522EC06063006E7632 /* Sources */,
				9B2346532EC06063006E7632 /* Frameworks */,
				9B2346542EC06063006E7632 /* Resources */,
				CC00000100000001000CC006 /* Embed App Extensions */,
			);
			buildRules = (
			);
			dependencies = (
				CC00000100000001000CC009 /* PBXTargetDependency */,
			);
			fileSystemSynchronizedGroups = (
				9B2346582EC06063006E7632 /* miterundesu */,
			);
			name = miterundesu;
			packageProductDependencies = (
				9B2347192EC4E3A2006E7632 /* Auth */,
				9B23471B2EC4E3A2006E7632 /* Functions */,
				9B23471D2EC4E3A2006E7632 /* PostgREST */,
				9B23471F2EC4E3A2006E7632 /* Realtime */,
				9B2347212EC4E3A2006E7632 /* Storage */,
				9BBEB1BA2EC4EB4E00B32001 /* Supabase */,
			);
			productName = miterundesu;
			productReference = 9B2346562EC06063006E7632 /* miterundesu.app */;
			productType = "com.apple.product-type.application";
		};
		9B23466C2EC06064006E7632 /* miterundesuTests */ = {
			isa = PBXNativeTarget;
			buildConfigurationList = 9B2346852EC06064006E7632 /* Build configuration list for PBXNativeTarget "miterundesuTests" */;
			buildPhases = (
				9B2346692EC06064006E7632 /* Sources */,
				9B23466A2EC06064006E7632 /* Frameworks */,
				9B23466B2EC06064006E7632 /* Resources */,
			);
			buildRules = (
			);
			dependencies = (
				9B23466F2EC06064006E7632 /* PBXTargetDependency */,
			);
			fileSystemSynchronizedGroups = (
				9B2346702EC06064006E7632 /* miterundesuTests */,
			);
			name = miterundesuTests;
			packageProductDependencies = (
			);
			productName = miterundesuTests;
			productReference = 9B23466D2EC06064006E7632 /* miterundesuTests.xctest */;
			productType = "com.apple.product-type.bundle.unit-test";
		};
		9B2346762EC06064006E7632 /* miterundesuUITests */ = {
			isa = PBXNativeTarget;
			buildConfigurationList = 9B2346882EC06064006E7632 /* Build configuration list for PBXNativeTarget "miterundesuUITests" */;
			buildPhases = (
				9B2346732EC06064006E7632 /* Sources */,
				9B2346742EC06064006E7632 /* Frameworks */,
				9B2346752EC06064006E7632 /* Resources */,
			);
			buildRules = (
			);
			dependencies = (
				9B2346792EC06064006E7632 /* PBXTargetDependency */,
			);
			fileSystemSynchronizedGroups = (
				9B23467A2EC06064006E7632 /* miterundesuUITests */,
			);
			name = miterundesuUITests;
			packageProductDependencies = (
			);
			productName = miterundesuUITests;
			productReference = 9B2346772EC06064006E7632 /* miterundesuUITests.xctest */;
			productType = "com.apple.product-type.bundle.ui-testing";
		};
		CC00000100000001000CC007 /* miterundesuWidgetExtension */ = {
			isa = PBXNativeTarget;
			buildConfigurationList = CC00000100000001000CC00C /* Build configuration list for PBXNativeTarget "miterundesuWidgetExtension" */;
			buildPhases = (
				CC00000100000001000CC003 /* Sources */,
				CC00000100000001000CC004 /* Frameworks */,
				CC00000100000001000CC005 /* Resources */,
			);
			buildRules = (
			);
			dependencies = (
			);
			fileSystemSynchronizedGroups = (
				CC00000100000001000CC002 /* miterundesuWidget */,
			);
			name = miterundesuWidgetExtension;
			packageProductDependencies = (
			);
			productName = miterundesuWidgetExtension;
			productReference = CC00000100000001000CC001 /* miterundesuWidgetExtension.appex */;
			productType = "com.apple.product-type.app-extension";
		};
/* End PBXNativeTarget section */

/* Begin PBXProject section */
		9B23464E2EC06063006E7632 /* Project object */ = {
			isa = PBXProject;
			attributes = {
				BuildIndependentTargetsInParallel = 1;
				LastSwiftUpdateCheck = 1620;
				LastUpgradeCheck = 2610;
				TargetAttributes = {
					9B2346552EC06063006E7632 = {
						CreatedOnToolsVersion = 16.2;
					};
					9B23466C2EC06064006E7632 = {
						CreatedOnToolsVersion = 16.2;
						TestTargetID = 9B2346552EC06063006E7632;
					};
					9B2346762EC06064006E7632 = {
						CreatedOnToolsVersion = 16.2;
						TestTargetID = 9B2346552EC06063006E7632;
					};
					CC00000100000001000CC007 = {
						CreatedOnToolsVersion = 16.2;
					};
				};
			};
			buildConfigurationList = 9B2346512EC06063006E7632 /* Build configuration list for PBXProject "miterundesu" */;
			developmentRegion = en;
			hasScannedForEncodings = 0;
			knownRegions = (
				en,
				Base,
				ja,
			);
			mainGroup = 9B23464D2EC06063006E7632;
			minimizedProjectReferenceProxies = 1;
			packageReferences = (
				9B2347182EC4E3A2006E7632 /* XCRemoteSwiftPackageReference "supabase-swift" */,
				9B4C0D462EC72D2400FC3F25 /* XCRemoteSwiftPackageReference "OnboardKit" */,
			);
			preferredProjectObjectVersion = 77;
			productRefGroup = 9B2346572EC06063006E7632 /* Products */;
			projectDirPath = "";
			projectRoot = "";
			targets = (
				9B2346552EC06063006E7632 /* miterundesu */,
				9B23466C2EC06064006E7632 /* miterundesuTests */,
				9B2346762EC06064006E7632 /* miterundesuUITests */,
				CC00000100000001000CC007 /* miterundesuWidgetExtension */,
			);
		};
/* End PBXProject section */

/* Begin PBXResourcesBuildPhase section */
		9B2346542EC06063006E7632 /* Resources */ = {
			isa = PBXResourcesBuildPhase;
			buildActionMask = 2147483647;
			files = (
			);
			runOnlyForDeploymentPostprocessing = 0;
		};
		9B23466B2EC06064006E7632 /* Resources */ = {
			isa = PBXResourcesBuildPhase;
			buildActionMask = 2147483647;
			files = (
			);
			runOnlyForDeploymentPostprocessing = 0;
		};
		9B2346752EC06064006E7632 /* Resources */ = {
			isa = PBXResourcesBuildPhase;
			buildActionMask = 2147483647;
			files = (
			);
			runOnlyForDeploymentPostprocessing = 0;
		};
		CC00000100000001000CC005 /* Resources */ = {
			isa = PBXResourcesBuildPhase;
			buildActionMask = 2147483647;
			files = (
			);
			runOnlyForDeploymentPostprocessing = 0;
		};
/* End PBXResourcesBuildPhase section */

/* Begin PBXSourcesBuildPhase section */
		9B2346522EC06063006E7632 /* Sources */ = {
			isa = PBXSourcesBuildPhase;
			buildActionMask = 2147483647;
			files = (
			);
			runOnlyForDeploymentPostprocessing = 0;
		};
		9B2346692EC06064006E7632 /* Sources */ = {
			isa = PBXSourcesBuildPhase;
			buildActionMask = 2147483647;
			files = (
			);
			runOnlyForDeploymentPostprocessing = 0;
		};
		9B2346732EC06064006E7632 /* Sources */ = {
			isa = PBXSourcesBuildPhase;
			buildActionMask = 2147483647;
			files = (
			);
			runOnlyForDeploymentPostprocessing = 0;
		};
		CC00000100000001000CC003 /* Sources */ = {
			isa = PBXSourcesBuildPhase;
			buildActionMask = 2147483647;
			files = (
			);
			runOnlyForDeploymentPostprocessing = 0;
		};
/* End PBXSourcesBuildPhase section */

/* Begin PBXTargetDependency section */
		9B23466F2EC06064006E7632 /* PBXTargetDependency */ = {
			isa = PBXTargetDependency;
			target = 9B2346552EC06063006E7632 /* miterundesu */;
			targetProxy = 9B23466E2EC06064006E7632 /* PBXContainerItemProxy */;
		};
		9B2346792EC06064006E7632 /* PBXTargetDependency */ = {
			isa = PBXTargetDependency;
			target = 9B2346552EC06063006E7632 /* miterundesu */;
			targetProxy = 9B2346782EC06064006E7632 /* PBXContainerItemProxy */;
		};
		CC00000100000001000CC009 /* PBXTargetDependency */ = {
			isa = PBXTargetDependency;
			target = CC00000100000001000CC007 /* miterundesuWidgetExtension */;
			targetProxy = CC00000100000001000CC008 /* PBXContainerItemProxy */;
		};
/* End PBXTargetDependency section */

/* Begin XCBuildConfiguration section */
		9B2346812EC06064006E7632 /* Debug */ = {
			isa = XCBuildConfiguration;
			buildSettings = {
				ASSETCATALOG_COMPILER_APPICON_NAME = AppIcon;
				ASSETCATALOG_COMPILER_GLOBAL_ACCENT_COLOR_NAME = AccentColor;
				CODE_SIGN_ENTITLEMENTS = miterundesu/miterundesu.entitlements;
				CODE_SIGN_IDENTITY = "Apple Development";
				CODE_SIGN_STYLE = Automatic;
				CURRENT_PROJECT_VERSION = 2;
				DEVELOPMENT_ASSET_PATHS = "\"miterundesu/Preview Content\"";
				DEVELOPMENT_TEAM = QKL495VRXU;
				ENABLE_PREVIEWS = YES;
				GENERATE_INFOPLIST_FILE = YES;
				INFOPLIST_FILE = miterundesu/Info.plist;
				INFOPLIST_KEY_CFBundleDisplayName = "ミテルンデス";
				INFOPLIST_KEY_ITSAppUsesNonExemptEncryption = NO;
				INFOPLIST_KEY_NSCameraUsageDescription = "このアプリは、文字や物を拡大して見やすくするためにカメラを使用します。撮影した画像は保存されず、10分後に自動的に削除されます。";
				INFOPLIST_KEY_UIApplicationSceneManifest_Generation = YES;
				INFOPLIST_KEY_UIApplicationSupportsIndirectInputEvents = YES;
				INFOPLIST_KEY_UILaunchScreen_Generation = YES;
				INFOPLIST_KEY_UISupportedInterfaceOrientations = "UIInterfaceOrientationLandscapeLeft UIInterfaceOrientationLandscapeRight UIInterfaceOrientationPortrait";
				INFOPLIST_KEY_UISupportedInterfaceOrientations_iPad = "UIInterfaceOrientationLandscapeLeft UIInterfaceOrientationLandscapeRight UIInterfaceOrientationPortrait UIInterfaceOrientationPortraitUpsideDown";
				IPHONEOS_DEPLOYMENT_TARGET = 17.0;
				LD_RUNPATH_SEARCH_PATHS = (
					"$(inherited)",
					"@executable_path/Frameworks",
				);
				MARKETING_VERSION = 1.3.0;
				PRODUCT_BUNDLE_IDENTIFIER = "jp-mieruwa.miterundesu";
				PRODUCT_NAME = "$(TARGET_NAME)";
				PROVISIONING_PROFILE_SPECIFIER = "";
				SWIFT_EMIT_LOC_STRINGS = YES;
				SWIFT_VERSION = 5.0;
				TARGETED_DEVICE_FAMILY = 1;
			};
			name = Debug;
		};
		9B2346822EC06064006E7632 /* Release */ = {
			isa = XCBuildConfiguration;
			buildSettings = {
				ASSETCATALOG_COMPILER_APPICON_NAME = AppIcon;
				ASSETCATALOG_COMPILER_GLOBAL_ACCENT_COLOR_NAME = AccentColor;
				CODE_SIGN_ENTITLEMENTS = miterundesu/miterundesu.entitlements;
				CODE_SIGN_IDENTITY = "Apple Development";
				CODE_SIGN_STYLE = Automatic;
				CURRENT_PROJECT_VERSION = 2;
				DEVELOPMENT_ASSET_PATHS = "\"miterundesu/Preview Content\"";
				DEVELOPMENT_TEAM = QKL495VRXU;
				ENABLE_PREVIEWS = YES;
				GENERATE_INFOPLIST_FILE = YES;
				INFOPLIST_FILE = miterundesu/Info.plist;
				INFOPLIST_KEY_CFBundleDisplayName = "ミテルンデス";
				INFOPLIST_KEY_ITSAppUsesNonExemptEncryption = NO;
				INFOPLIST_KEY_NSCameraUsageDescription = "このアプリは、文字や物を拡大して見やすくするためにカメラを使用します。撮影した画像は保存されず、10分後に自動的に削除されます。";
				INFOPLIST_KEY_UIApplicationSceneManifest_Generation = YES;
				INFOPLIST_KEY_UIApplicationSupportsIndirectInputEvents = YES;
				INFOPLIST_KEY_UILaunchScreen_Generation = YES;
				INFOPLIST_KEY_UISupportedInterfaceOrientations = "UIInterfaceOrientationLandscapeLeft UIInterfaceOrientationLandscapeRight UIInterfaceOrientationPortrait";
				INFOPLIST_KEY_UISupportedInterfaceOrientations_iPad = "UIInterfaceOrientationLandscapeLeft UIInterfaceOrientationLandscapeRight UIInterfaceOrientationPortrait UIInterfaceOrientationPortraitUpsideDown";
				IPHONEOS_DEPLOYMENT_TARGET = 17.0;
				LD_RUNPATH_SEARCH_PATHS = (
					"$(inherited)",
					"@executable_path/Frameworks",
				);
				MARKETING_VERSION = 1.3.0;
				PRODUCT_BUNDLE_IDENTIFIER = "jp-mieruwa.miterundesu";
				PRODUCT_NAME = "$(TARGET_NAME)";
				PROVISIONING_PROFILE_SPECIFIER = "";
				SWIFT_EMIT_LOC_STRINGS = YES;
				SWIFT_VERSION = 5.0;
				TARGETED_DEVICE_FAMILY = 1;
			};
			name = Release;
		};
		9B2346832EC06064006E7632 /* Debug */ = {
			isa = XCBuildConfiguration;
			buildSettings = {
				ALWAYS_SEARCH_USER_PATHS = NO;
				ASSETCATALOG_COMPILER_GENERATE_SWIFT_ASSET_SYMBOL_EXTENSIONS = YES;
				CLANG_ANALYZER_LOCALIZABILITY_NONLOCALIZED = YES;
				CLANG_ANALYZER_NONNULL = YES;
				CLANG_ANALYZER_NUMBER_OBJECT_CONVERSION = YES_AGGRESSIVE;
				CLANG_CXX_LANGUAGE_STANDARD = "gnu++20";
				CLANG_ENABLE_MODULES = YES;
				CLANG_ENABLE_OBJC_ARC = YES;
				CLANG_ENABLE_OBJC_WEAK = YES;
				CLANG_WARN_BLOCK_CAPTURE_AUTORELEASING = YES;
				CLANG_WARN_BOOL_CONVERSION = YES;
				CLANG_WARN_COMMA = YES;
				CLANG_WARN_CONSTANT_CONVERSION = YES;
				CLANG_WARN_DEPRECATED_OBJC_IMPLEMENTATIONS = YES;
				CLANG_WARN_DIRECT_OBJC_ISA_USAGE = YES_ERROR;
				CLANG_WARN_DOCUMENTATION_COMMENTS = YES;
				CLANG_WARN_EMPTY_BODY = YES;
				CLANG_WARN_ENUM_CONVERSION = YES;
				CLANG_WARN_INFINITE_RECURSION = YES;
				CLANG_WARN_INT_CONVERSION = YES;
				CLANG_WARN_NON_LITERAL_NULL_CONVERSION = YES;
				CLANG_WARN_OBJC_IMPLICIT_RETAIN_SELF = YES;
				CLANG_WARN_OBJC_LITERAL_CONVERSION = YES;
				CLANG_WARN_OBJC_ROOT_CLASS = YES_ERROR;
				CLANG_WARN_QUOTED_INCLUDE_IN_FRAMEWORK_HEADER = YES;
				CLANG_WARN_RANGE_LOOP_ANALYSIS = YES;
				CLANG_WARN_STRICT_PROTOTYPES = YES;
				CLANG_WARN_SUSPICIOUS_MOVE = YES;
				CLANG_WARN_UNGUARDED_AVAILABILITY = YES_AGGRESSIVE;
				CLANG_WARN_UNREACHABLE_CODE = YES;
				CLANG_WARN__DUPLICATE_METHOD_MATCH = YES;
				COPY_PHASE_STRIP = NO;
				DEBUG_INFORMATION_FORMAT = dwarf;
				ENABLE_STRICT_OBJC_MSGSEND = YES;
				ENABLE_TESTABILITY = YES;
				ENABLE_USER_SCRIPT_SANDBOXING = YES;
				GCC_C_LANGUAGE_STANDARD = gnu17;
				GCC_DYNAMIC_NO_PIC = NO;
				GCC_NO_COMMON_BLOCKS = YES;
				GCC_OPTIMIZATION_LEVEL = 0;
				GCC_PREPROCESSOR_DEFINITIONS = (
					"DEBUG=1",
					"$(inherited)",
				);
				GCC_WARN_64_TO_32_BIT_CONVERSION = YES;
				GCC_WARN_ABOUT_RETURN_TYPE = YES_ERROR;
				GCC_WARN_UNDECLARED_SELECTOR = YES;
				GCC_WARN_UNINITIALIZED_AUTOS = YES_AGGRESSIVE;
				GCC_WARN_UNUSED_FUNCTION = YES;
				GCC_WARN_UNUSED_VARIABLE = YES;
				IPHONEOS_DEPLOYMENT_TARGET = 18.2;
				LOCALIZATION_PREFERS_STRING_CATALOGS = YES;
				MTL_ENABLE_DEBUG_INFO = INCLUDE_SOURCE;
				MTL_FAST_MATH = YES;
				ONLY_ACTIVE_ARCH = YES;
				SDKROOT = iphoneos;
				STRING_CATALOG_GENERATE_SYMBOLS = YES;
				SWIFT_ACTIVE_COMPILATION_CONDITIONS = "DEBUG $(inherited)";
				SWIFT_OPTIMIZATION_LEVEL = "-Onone";
			};
			name = Debug;
		};
		9B2346842EC06064006E7632 /* Release */ = {
			isa = XCBuildConfiguration;
			buildSettings = {
				ALWAYS_SEARCH_USER_PATHS = NO;
				ASSETCATALOG_COMPILER_GENERATE_SWIFT_ASSET_SYMBOL_EXTENSIONS = YES;
				CLANG_ANALYZER_LOCALIZABILITY_NONLOCALIZED = YES;
				CLANG_ANALYZER_NONNULL = YES;
				CLANG_ANALYZER_NUMBER_OBJECT_CONVERSION = YES_AGGRESSIVE;
				CLANG_CXX_LANGUAGE_STANDARD = "gnu++20";
				CLANG_ENABLE_MODULES = YES;
				CLANG_ENABLE_OBJC_ARC = YES;
				CLANG_ENABLE_OBJC_WEAK = YES;
				CLANG_WARN_BLOCK_CAPTURE_AUTORELEASING = YES;
				CLANG_WARN_BOOL_CONVERSION = YES;
				CLANG_WARN_COMMA = YES;
				CLANG_WARN_CONSTANT_CONVERSION = YES;
				CLANG_WARN_DEPRECATED_OBJC_IMPLEMENTATIONS = YES;
				CLANG_WARN_DIRECT_OBJC_ISA_USAGE = YES_ERROR;
				CLANG_WARN_DOCUMENTATION_COMMENTS = YES;
				CLANG_WARN_EMPTY_BODY = YES;
				CLANG_WARN_ENUM_CONVERSION = YES;
				CLANG_WARN_INFINITE_RECURSION = YES;
				CLANG_WARN_INT_CONVERSION = YES;
				CLANG_WARN_NON_LITERAL_NULL_CONVERSION = YES;
				CLANG_WARN_OBJC_IMPLICIT_RETAIN_SELF = YES;
				CLANG_WARN_OBJC_LITERAL_CONVERSION = YES;
				CLANG_WARN_OBJC_ROOT_CLASS = YES_ERROR;
				CLANG_WARN_QUOTED_INCLUDE_IN_FRAMEWORK_HEADER = YES;
				CLANG_WARN_RANGE_LOOP_ANALYSIS = YES;
				CLANG_WARN_STRICT_PROTOTYPES = YES;
				CLANG_WARN_SUSPICIOUS_MOVE = YES;
				CLANG_WARN_UNGUARDED_AVAILABILITY = YES_AGGRESSIVE;
				CLANG_WARN_UNREACHABLE_CODE = YES;
				CLANG_WARN__DUPLICATE_METHOD_MATCH = YES;
				COPY_PHASE_STRIP = NO;
				DEBUG_INFORMATION_FORMAT = "dwarf-with-dsym";
				ENABLE_NS_ASSERTIONS = NO;
				ENABLE_STRICT_OBJC_MSGSEND = YES;
				ENABLE_USER_SCRIPT_SANDBOXING = YES;
				GCC_C_LANGUAGE_STANDARD = gnu17;
				GCC_NO_COMMON_BLOCKS = YES;
				GCC_WARN_64_TO_32_BIT_CONVERSION = YES;
				GCC_WARN_ABOUT_RETURN_TYPE = YES_ERROR;
				GCC_WARN_UNDECLARED_SELECTOR = YES;
				GCC_WARN_UNINITIALIZED_AUTOS = YES_AGGRESSIVE;
				GCC_WARN_UNUSED_FUNCTION = YES;
				GCC_WARN_UNUSED_VARIABLE = YES;
				IPHONEOS_DEPLOYMENT_TARGET = 18.2;
				LOCALIZATION_PREFERS_STRING_CATALOGS = YES;
				MTL_ENABLE_DEBUG_INFO = NO;
				MTL_FAST_MATH = YES;
				SDKROOT = iphoneos;
				STRING_CATALOG_GENERATE_SYMBOLS = YES;
				SWIFT_COMPILATION_MODE = wholemodule;
				VALIDATE_PRODUCT = YES;
			};
			name = Release;
		};
		9B2346862EC06064006E7632 /* Debug */ = {
			isa = XCBuildConfiguration;
			buildSettings = {
				BUNDLE_LOADER = "$(TEST_HOST)";
				CODE_SIGN_STYLE = Automatic;
				CURRENT_PROJECT_VERSION = 2;
				DEVELOPMENT_TEAM = BF827V744Q;
				GENERATE_INFOPLIST_FILE = YES;
				IPHONEOS_DEPLOYMENT_TARGET = 18.2;
				MARKETING_VERSION = 1.3.0;
				PRODUCT_BUNDLE_IDENTIFIER = mieruwa.miterundesuTests;
				PRODUCT_NAME = "$(TARGET_NAME)";
				SWIFT_EMIT_LOC_STRINGS = NO;
				SWIFT_VERSION = 5.0;
				TARGETED_DEVICE_FAMILY = 1;
				TEST_HOST = "$(BUILT_PRODUCTS_DIR)/miterundesu.app/$(BUNDLE_EXECUTABLE_FOLDER_PATH)/miterundesu";
			};
			name = Debug;
		};
		9B2346872EC06064006E7632 /* Release */ = {
			isa = XCBuildConfiguration;
			buildSettings = {
				BUNDLE_LOADER = "$(TEST_HOST)";
				CODE_SIGN_STYLE = Automatic;
				CURRENT_PROJECT_VERSION = 2;
				DEVELOPMENT_TEAM = BF827V744Q;
				GENERATE_INFOPLIST_FILE = YES;
				IPHONEOS_DEPLOYMENT_TARGET = 18.2;
				MARKETING_VERSION = 1.3.0;
				PRODUCT_BUNDLE_IDENTIFIER = mieruwa.miterundesuTests;
				PRODUCT_NAME = "$(TARGET_NAME)";
				SWIFT_EMIT_LOC_STRINGS = NO;
				SWIFT_VERSION = 5.0;
				TARGETED_DEVICE_FAMILY = 1;
				TEST_HOST = "$(BUILT_PRODUCTS_DIR)/miterundesu.app/$(BUNDLE_EXECUTABLE_FOLDER_PATH)/miterundesu";
			};
			name = Release;
		};
		9B2346892EC06064006E7632 /* Debug */ = {
			isa = XCBuildConfiguration;
			buildSettings = {
				CODE_SIGN_STYLE = Automatic;
				CURRENT_PROJECT_VERSION = 2;
				DEVELOPMENT_TEAM = BF827V744Q;
				GENERATE_INFOPLIST_FILE = YES;
				MARKETING_VERSION = 1.3.0;
				PRODUCT_BUNDLE_IDENTIFIER = mieruwa.miterundesuUITests;
				PRODUCT_NAME = "$(TARGET_NAME)";
				SWIFT_EMIT_LOC_STRINGS = NO;
				SWIFT_VERSION = 5.0;
				TARGETED_DEVICE_FAMILY = 1;
				TEST_TARGET_NAME = miterundesu;
			};
			name = Debug;
		};
		9B23468A2EC06064006E7632 /* Release */ = {
			isa = XCBuildConfiguration;
			buildSettings = {
				CODE_SIGN_STYLE = Automatic;
				CURRENT_PROJECT_VERSION = 2;
				DEVELOPMENT_TEAM = BF827V744Q;
				GENERATE_INFOPLIST_FILE = YES;
				MARKETING_VERSION = 1.3.0;
				PRODUCT_BUNDLE_IDENTIFIER = mieruwa.miterundesuUITests;
				PRODUCT_NAME = "$(TARGET_NAME)";
				SWIFT_EMIT_LOC_STRINGS = NO;
				SWIFT_VERSION = 5.0;
				TARGETED_DEVICE_FAMILY = 1;
				TEST_TARGET_NAME = miterundesu;
			};
			name = Release;
		};
		CC00000100000001000CC00A /* Debug */ = {
			isa = XCBuildConfiguration;
			buildSettings = {
				ASSETCATALOG_COMPILER_GLOBAL_ACCENT_COLOR_NAME = AccentColor;
				CODE_SIGN_STYLE = Automatic;
				CURRENT_PROJECT_VERSION = 2;
				DEVELOPMENT_TEAM = QKL495VRXU;
				GENERATE_INFOPLIST_FILE = YES;
				INFOPLIST_FILE = miterundesuWidget/Info.plist;
				INFOPLIST_KEY_CFBundleDisplayName = "ミテルンデス";
				INFOPLIST_KEY_NSHumanReadableCopyright = "";
				IPHONEOS_DEPLOYMENT_TARGET = 17.0;
				LD_RUNPATH_SEARCH_PATHS = (
					"$(inherited)",
					"@executable_path/Frameworks",
					"@executable_path/../../Frameworks",
				);
				MARKETING_VERSION = 1.3.0;
				PRODUCT_BUNDLE_IDENTIFIER = "jp-mieruwa.miterundesu.widget";
				PRODUCT_NAME = "$(TARGET_NAME)";
				SKIP_INSTALL = YES;
				SWIFT_EMIT_LOC_STRINGS = YES;
				SWIFT_VERSION = 5.0;
				TARGETED_DEVICE_FAMILY = 1;
			};
			name = Debug;
		};
		CC00000100000001000CC00B /* Release */ = {
			isa = XCBuildConfiguration;
			buildSettings = {
				ASSETCATALOG_COMPILER_GLOBAL_ACCENT_COLOR_NAME = AccentColor;
				CODE_SIGN_STYLE = Automatic;
				CURRENT_PROJECT_VERSION = 2;
				DEVELOPMENT_TEAM = QKL495VRXU;
				GENERATE_INFOPLIST_FILE = YES;
				INFOPLIST_FILE = miterundesuWidget/Info.plist;
				INFOPLIST_KEY_CFBundleDisplayName = "ミテルンデス";
				INFOPLIST_KEY_NSHumanReadableCopyright = "";
				IPHONEOS_DEPLOYMENT_TARGET = 17.0;
				LD_RUNPATH_SEARCH_PATHS = (
					"$(inherited)",
					"@executable_path/Frameworks",
					"@executable_path/../../Frameworks",
				);
				MARKETING_VERSION = 1.3.0;
				PRODUCT_BUNDLE_IDENTIFIER = "jp-mieruwa.miterundesu.widget";
				PRODUCT_NAME = "$(TARGET_NAME)";
				SKIP_INSTALL = YES;
				SWIFT_EMIT_LOC_STRINGS = YES;
				SWIFT_VERSION = 5.0;
				TARGETED_DEVICE_FAMILY = 1;
			};
			name = Release;
		};
/* End XCBuildConfiguration section */

/* Begin XCConfigurationList section */
		9B2346512EC06063006E7632 /* Build configuration list for PBXProject "miterundesu" */ = {
			isa = XCConfigurationList;
			buildConfigurations = (
				9B2346832EC06064006E7632 /* Debug */,
				9B2346842EC06064006E7632 /* Release */,
			);
			defaultConfigurationIsVisible = 0;
			defaultConfigurationName = Release;
		};
		9B2346802EC06064006E7632 /* Build configuration list for PBXNativeTarget "miterundesu" */ = {
			isa = XCConfigurationList;
			buildConfigurations = (
				9B2346812EC06064006E7632 /* Debug */,
				9B2346822EC06064006E7632 /* Release */,
			);
			defaultConfigurationIsVisible = 0;
			defaultConfigurationName = Release;
		};
		9B2346852EC06064006E7632 /* Build configuration list for PBXNativeTarget "miterundesuTests" */ = {
			isa = XCConfigurationList;
			buildConfigurations = (
				9B2346862EC06064006E7632 /* Debug */,
				9B2346872EC06064006E7632 /* Release */,
			);
			defaultConfigurationIsVisible = 0;
			defaultConfigurationName = Release;
		};
		9B2346882EC06064006E7632 /* Build configuration list for PBXNativeTarget "miterundesuUITests" */ = {
			isa = XCConfigurationList;
			buildConfigurations = (
				9B2346892EC06064006E7632 /* Debug */,
				9B23468A2EC06064006E7632 /* Release */,
			);
			defaultConfigurationIsVisible = 0;
			defaultConfigurationName = Release;
		};
		CC00000100000001000CC00C /* Build configuration list for PBXNativeTarget "miterundesuWidgetExtension" */ = {
			isa = XCConfigurationList;
			buildConfigurations = (
				CC00000100000001000CC00A /* Debug */,
				CC00000100000001000CC00B /* Release */,
			);
			defaultConfigurationIsVisible = 0;
			defaultConfigurationName = Release;
		};
/* End XCConfigurationList section */

/* Begin XCRemoteSwiftPackageReference section */
		9B2347182EC4E3A2006E7632 /* XCRemoteSwiftPackageReference "supabase-swift" */ = {
			isa = XCRemoteSwiftPackageReference;
			repositoryURL = "https://github.com/supabase/supabase-swift.git";
			requirement = {
				kind = upToNextMajorVersion;
				minimumVersion = 2.5.1;
			};
		};
		9B4C0D462EC72D2400FC3F25 /* XCRemoteSwiftPackageReference "OnboardKit" */ = {
			isa = XCRemoteSwiftPackageReference;
			repositoryURL = "https://github.com/NikolaKirev/OnboardKit";
			requirement = {
				branch = master;
				kind = branch;
			};
		};
/* End XCRemoteSwiftPackageReference section */

/* Begin XCSwiftPackageProductDependency section */
		9B2347192EC4E3A2006E7632 /* Auth */ = {
			isa = XCSwiftPackageProductDependency;
			package = 9B2347182EC4E3A2006E7632 /* XCRemoteSwiftPackageReference "supabase-swift" */;
			productName = Auth;
		};
		9B23471B2EC4E3A2006E7632 /* Functions */ = {
			isa = XCSwiftPackageProductDependency;
			package = 9B2347182EC4E3A2006E7632 /* XCRemoteSwiftPackageReference "supabase-swift" */;
			productName = Functions;
		};
		9B23471D2EC4E3A2006E7632 /* PostgREST */ = {
			isa = XCSwiftPackageProductDependency;
			package = 9B2347182EC4E3A2006E7632 /* XCRemoteSwiftPackageReference "supabase-swift" */;
			productName = PostgREST;
		};
		9B23471F2EC4E3A2006E7632 /* Realtime */ = {
			isa = XCSwiftPackageProductDependency;
			package = 9B2347182EC4E3A2006E7632 /* XCRemoteSwiftPackageReference "supabase-swift" */;
			productName = Realtime;
		};
		9B2347212EC4E3A2006E7632 /* Storage */ = {
			isa = XCSwiftPackageProductDependency;
			package = 9B2347182EC4E3A2006E7632 /* XCRemoteSwiftPackageReference "supabase-swift" */;
			productName = Storage;
		};
		9BBEB1BA2EC4EB4E00B32001 /* Supabase */ = {
			isa = XCSwiftPackageProductDependency;
			package = 9B2347182EC4E3A2006E7632 /* XCRemoteSwiftPackageReference "supabase-swift" */;
			productName = Supabase;
		};
/* End XCSwiftPackageProductDependency section */
	};
	rootObject = 9B23464E2EC06063006E7632 /* Project object */;
}
